// !$*UTF8*$!
{
	archiveVersion = 1;
	classes = {
	};
	objectVersion = 77;
	objects = {

/* Begin PBXContainerItemProxy section */
		793BC36B2D54E04900512AAA /* PBXContainerItemProxy */ = {
			isa = PBXContainerItemProxy;
			containerPortal = 793BC3512D54E04600512AAA /* Project object */;
			proxyType = 1;
			remoteGlobalIDString = 793BC3582D54E04600512AAA;
			remoteInfo = SmartPrintFix;
		};
		793BC3752D54E04900512AAA /* PBXContainerItemProxy */ = {
			isa = PBXContainerItemProxy;
			containerPortal = 793BC3512D54E04600512AAA /* Project object */;
			proxyType = 1;
			remoteGlobalIDString = 793BC3582D54E04600512AAA;
			remoteInfo = SmartPrintFix;
		};
/* End PBXContainerItemProxy section */

/* Begin PBXFileReference section */
		793BC3592D54E04600512AAA /* SmartPrintFix.app */ = {isa = PBXFileReference; explicitFileType = wrapper.application; includeInIndex = 0; path = SmartPrintFix.app; sourceTree = BUILT_PRODUCTS_DIR; };
		793BC36A2D54E04900512AAA /* SmartPrintFixTests.xctest */ = {isa = PBXFileReference; explicitFileType = wrapper.cfbundle; includeInIndex = 0; path = SmartPrintFixTests.xctest; sourceTree = BUILT_PRODUCTS_DIR; };
		793BC3742D54E04900512AAA /* SmartPrintFixUITests.xctest */ = {isa = PBXFileReference; explicitFileType = wrapper.cfbundle; includeInIndex = 0; path = SmartPrintFixUITests.xctest; sourceTree = BUILT_PRODUCTS_DIR; };
		799C96382D56C21E00FC09BA /* readme.md */ = {isa = PBXFileReference; lastKnownFileType = net.daringfireball.markdown; path = readme.md; sourceTree = "<group>"; };
		79A060232D6162CF00D2C92F /* Info.plist */ = {isa = PBXFileReference; lastKnownFileType = text.plist.xml; path = Info.plist; sourceTree = "<group>"; };
		79BD8D862D5DFEE800C6EF81 /* SmartPrintFix.xctestplan */ = {isa = PBXFileReference; lastKnownFileType = text; path = SmartPrintFix.xctestplan; sourceTree = "<group>"; };
/* End PBXFileReference section */

/* Begin PBXFileSystemSynchronizedBuildFileExceptionSet section */
		79A7A5352D6255FD00EA8D95 /* Exceptions for "SmartPrintFixHelp" folder in "SmartPrintFix" target */ = {
			isa = PBXFileSystemSynchronizedBuildFileExceptionSet;
			membershipExceptions = (
				Info.plist,
			);
			target = 793BC3582D54E04600512AAA /* SmartPrintFix */;
		};
/* End PBXFileSystemSynchronizedBuildFileExceptionSet section */

/* Begin PBXFileSystemSynchronizedRootGroup section */
		793BC35B2D54E04600512AAA /* SmartPrintFix */ = {
			isa = PBXFileSystemSynchronizedRootGroup;
			path = SmartPrintFix;
			sourceTree = "<group>";
		};
		793BC36D2D54E04900512AAA /* SmartPrintFixTests */ = {
			isa = PBXFileSystemSynchronizedRootGroup;
			path = SmartPrintFixTests;
			sourceTree = "<group>";
		};
		793BC3772D54E04900512AAA /* SmartPrintFixUITests */ = {
			isa = PBXFileSystemSynchronizedRootGroup;
			path = SmartPrintFixUITests;
			sourceTree = "<group>";
		};
		79A7A5322D62555400EA8D95 /* SmartPrintFixHelp */ = {
			isa = PBXFileSystemSynchronizedRootGroup;
			exceptions = (
				79A7A5352D6255FD00EA8D95 /* Exceptions for "SmartPrintFixHelp" folder in "SmartPrintFix" target */,
			);
			path = SmartPrintFixHelp;
			sourceTree = "<group>";
		};
/* End PBXFileSystemSynchronizedRootGroup section */

/* Begin PBXFrameworksBuildPhase section */
		793BC3562D54E04600512AAA /* Frameworks */ = {
			isa = PBXFrameworksBuildPhase;
			buildActionMask = 2147483647;
			files = (
			);
			runOnlyForDeploymentPostprocessing = 0;
		};
		793BC3672D54E04900512AAA /* Frameworks */ = {
			isa = PBXFrameworksBuildPhase;
			buildActionMask = 2147483647;
			files = (
			);
			runOnlyForDeploymentPostprocessing = 0;
		};
		793BC3712D54E04900512AAA /* Frameworks */ = {
			isa = PBXFrameworksBuildPhase;
			buildActionMask = 2147483647;
			files = (
			);
			runOnlyForDeploymentPostprocessing = 0;
		};
/* End PBXFrameworksBuildPhase section */

/* Begin PBXGroup section */
		793BC3502D54E04600512AAA = {
			isa = PBXGroup;
			children = (
				79A7A5322D62555400EA8D95 /* SmartPrintFixHelp */,
				79A060232D6162CF00D2C92F /* Info.plist */,
				79BD8D862D5DFEE800C6EF81 /* SmartPrintFix.xctestplan */,
				799C96382D56C21E00FC09BA /* readme.md */,
				793BC35B2D54E04600512AAA /* SmartPrintFix */,
				793BC36D2D54E04900512AAA /* SmartPrintFixTests */,
				793BC3772D54E04900512AAA /* SmartPrintFixUITests */,
				793BC35A2D54E04600512AAA /* Products */,
			);
			sourceTree = "<group>";
		};
		793BC35A2D54E04600512AAA /* Products */ = {
			isa = PBXGroup;
			children = (
				793BC3592D54E04600512AAA /* SmartPrintFix.app */,
				793BC36A2D54E04900512AAA /* SmartPrintFixTests.xctest */,
				793BC3742D54E04900512AAA /* SmartPrintFixUITests.xctest */,
			);
			name = Products;
			sourceTree = "<group>";
		};
/* End PBXGroup section */

/* Begin PBXNativeTarget section */
		793BC3582D54E04600512AAA /* SmartPrintFix */ = {
			isa = PBXNativeTarget;
			buildConfigurationList = 793BC37E2D54E04900512AAA /* Build configuration list for PBXNativeTarget "SmartPrintFix" */;
			buildPhases = (
				7912ABAB2D5FE9CF0076D665 /* ShellScript */,
				793BC3552D54E04600512AAA /* Sources */,
				793BC3562D54E04600512AAA /* Frameworks */,
				793BC3572D54E04600512AAA /* Resources */,
			);
			buildRules = (
			);
			dependencies = (
			);
			fileSystemSynchronizedGroups = (
				793BC35B2D54E04600512AAA /* SmartPrintFix */,
				79A7A5322D62555400EA8D95 /* SmartPrintFixHelp */,
			);
			name = SmartPrintFix;
			packageProductDependencies = (
			);
			productName = SmartPrintFix;
			productReference = 793BC3592D54E04600512AAA /* SmartPrintFix.app */;
			productType = "com.apple.product-type.application";
		};
		793BC3692D54E04900512AAA /* SmartPrintFixTests */ = {
			isa = PBXNativeTarget;
			buildConfigurationList = 793BC3812D54E04900512AAA /* Build configuration list for PBXNativeTarget "SmartPrintFixTests" */;
			buildPhases = (
				793BC3662D54E04900512AAA /* Sources */,
				793BC3672D54E04900512AAA /* Frameworks */,
				793BC3682D54E04900512AAA /* Resources */,
			);
			buildRules = (
			);
			dependencies = (
				793BC36C2D54E04900512AAA /* PBXTargetDependency */,
			);
			fileSystemSynchronizedGroups = (
				793BC36D2D54E04900512AAA /* SmartPrintFixTests */,
			);
			name = SmartPrintFixTests;
			packageProductDependencies = (
			);
			productName = SmartPrintFixTests;
			productReference = 793BC36A2D54E04900512AAA /* SmartPrintFixTests.xctest */;
			productType = "com.apple.product-type.bundle.unit-test";
		};
		793BC3732D54E04900512AAA /* SmartPrintFixUITests */ = {
			isa = PBXNativeTarget;
			buildConfigurationList = 793BC3842D54E04900512AAA /* Build configuration list for PBXNativeTarget "SmartPrintFixUITests" */;
			buildPhases = (
				793BC3702D54E04900512AAA /* Sources */,
				793BC3712D54E04900512AAA /* Frameworks */,
				793BC3722D54E04900512AAA /* Resources */,
			);
			buildRules = (
			);
			dependencies = (
				793BC3762D54E04900512AAA /* PBXTargetDependency */,
			);
			fileSystemSynchronizedGroups = (
				793BC3772D54E04900512AAA /* SmartPrintFixUITests */,
			);
			name = SmartPrintFixUITests;
			packageProductDependencies = (
			);
			productName = SmartPrintFixUITests;
			productReference = 793BC3742D54E04900512AAA /* SmartPrintFixUITests.xctest */;
			productType = "com.apple.product-type.bundle.ui-testing";
		};
/* End PBXNativeTarget section */

/* Begin PBXProject section */
		793BC3512D54E04600512AAA /* Project object */ = {
			isa = PBXProject;
			attributes = {
				BuildIndependentTargetsInParallel = 1;
				LastSwiftUpdateCheck = 1620;
				LastUpgradeCheck = 1620;
				TargetAttributes = {
					793BC3582D54E04600512AAA = {
						CreatedOnToolsVersion = 16.2;
					};
					793BC3692D54E04900512AAA = {
						CreatedOnToolsVersion = 16.2;
						TestTargetID = 793BC3582D54E04600512AAA;
					};
					793BC3732D54E04900512AAA = {
						CreatedOnToolsVersion = 16.2;
						TestTargetID = 793BC3582D54E04600512AAA;
					};
				};
			};
			buildConfigurationList = 793BC3542D54E04600512AAA /* Build configuration list for PBXProject "SmartPrintFix" */;
			developmentRegion = en;
			hasScannedForEncodings = 0;
			knownRegions = (
				en,
				Base,
			);
			mainGroup = 793BC3502D54E04600512AAA;
			minimizedProjectReferenceProxies = 1;
			packageReferences = (
			);
			preferredProjectObjectVersion = 77;
			productRefGroup = 793BC35A2D54E04600512AAA /* Products */;
			projectDirPath = "";
			projectRoot = "";
			targets = (
				793BC3582D54E04600512AAA /* SmartPrintFix */,
				793BC3692D54E04900512AAA /* SmartPrintFixTests */,
				793BC3732D54E04900512AAA /* SmartPrintFixUITests */,
			);
		};
/* End PBXProject section */

/* Begin PBXResourcesBuildPhase section */
		793BC3572D54E04600512AAA /* Resources */ = {
			isa = PBXResourcesBuildPhase;
			buildActionMask = 2147483647;
			files = (
			);
			runOnlyForDeploymentPostprocessing = 0;
		};
		793BC3682D54E04900512AAA /* Resources */ = {
			isa = PBXResourcesBuildPhase;
			buildActionMask = 2147483647;
			files = (
			);
			runOnlyForDeploymentPostprocessing = 0;
		};
		793BC3722D54E04900512AAA /* Resources */ = {
			isa = PBXResourcesBuildPhase;
			buildActionMask = 2147483647;
			files = (
			);
			runOnlyForDeploymentPostprocessing = 0;
		};
/* End PBXResourcesBuildPhase section */

/* Begin PBXShellScriptBuildPhase section */
		7912ABAB2D5FE9CF0076D665 /* ShellScript */ = {
			isa = PBXShellScriptBuildPhase;
			buildActionMask = 2147483647;
			files = (
			);
			inputFileListPaths = (
			);
			inputPaths = (
			);
			outputFileListPaths = (
			);
			outputPaths = (
			);
			runOnlyForDeploymentPostprocessing = 0;
			shellPath = /bin/sh;
			shellScript = "# Type a script or drag a script file from your workspace to insert its path.\nif [ -f \"${BUILD_DIR%Build/*}SourcePackages/checkouts/SwiftLint/swiftlint\" ]; then\n    \"${BUILD_DIR%Build/*}SourcePackages/checkouts/SwiftLint/swiftlint\"\nelse\n    echo \"warning: SwiftLint not installed, download from https://github.com/realm/SwiftLint\"\nfi\n";
		};
/* End PBXShellScriptBuildPhase section */

/* Begin PBXSourcesBuildPhase section */
		793BC3552D54E04600512AAA /* Sources */ = {
			isa = PBXSourcesBuildPhase;
			buildActionMask = 2147483647;
			files = (
			);
			runOnlyForDeploymentPostprocessing = 0;
		};
		793BC3662D54E04900512AAA /* Sources */ = {
			isa = PBXSourcesBuildPhase;
			buildActionMask = 2147483647;
			files = (
			);
			runOnlyForDeploymentPostprocessing = 0;
		};
		793BC3702D54E04900512AAA /* Sources */ = {
			isa = PBXSourcesBuildPhase;
			buildActionMask = 2147483647;
			files = (
			);
			runOnlyForDeploymentPostprocessing = 0;
		};
/* End PBXSourcesBuildPhase section */

/* Begin PBXTargetDependency section */
		793BC36C2D54E04900512AAA /* PBXTargetDependency */ = {
			isa = PBXTargetDependency;
			target = 793BC3582D54E04600512AAA /* SmartPrintFix */;
			targetProxy = 793BC36B2D54E04900512AAA /* PBXContainerItemProxy */;
		};
		793BC3762D54E04900512AAA /* PBXTargetDependency */ = {
			isa = PBXTargetDependency;
			target = 793BC3582D54E04600512AAA /* SmartPrintFix */;
			targetProxy = 793BC3752D54E04900512AAA /* PBXContainerItemProxy */;
		};
/* End PBXTargetDependency section */

/* Begin XCBuildConfiguration section */
		793BC37C2D54E04900512AAA /* Debug */ = {
			isa = XCBuildConfiguration;
			buildSettings = {
				ALWAYS_SEARCH_USER_PATHS = NO;
				ASSETCATALOG_COMPILER_GENERATE_SWIFT_ASSET_SYMBOL_EXTENSIONS = YES;
				CLANG_ANALYZER_NONNULL = YES;
				CLANG_ANALYZER_NUMBER_OBJECT_CONVERSION = YES_AGGRESSIVE;
				CLANG_CXX_LANGUAGE_STANDARD = "gnu++20";
				CLANG_ENABLE_MODULES = YES;
				CLANG_ENABLE_OBJC_ARC = YES;
				CLANG_ENABLE_OBJC_WEAK = YES;
				CLANG_WARN_BLOCK_CAPTURE_AUTORELEASING = YES;
				CLANG_WARN_BOOL_CONVERSION = YES;
				CLANG_WARN_COMMA = YES;
				CLANG_WARN_CONSTANT_CONVERSION = YES;
				CLANG_WARN_DEPRECATED_OBJC_IMPLEMENTATIONS = YES;
				CLANG_WARN_DIRECT_OBJC_ISA_USAGE = YES_ERROR;
				CLANG_WARN_DOCUMENTATION_COMMENTS = YES;
				CLANG_WARN_EMPTY_BODY = YES;
				CLANG_WARN_ENUM_CONVERSION = YES;
				CLANG_WARN_INFINITE_RECURSION = YES;
				CLANG_WARN_INT_CONVERSION = YES;
				CLANG_WARN_NON_LITERAL_NULL_CONVERSION = YES;
				CLANG_WARN_OBJC_IMPLICIT_RETAIN_SELF = YES;
				CLANG_WARN_OBJC_LITERAL_CONVERSION = YES;
				CLANG_WARN_OBJC_ROOT_CLASS = YES_ERROR;
				CLANG_WARN_QUOTED_INCLUDE_IN_FRAMEWORK_HEADER = YES;
				CLANG_WARN_RANGE_LOOP_ANALYSIS = YES;
				CLANG_WARN_STRICT_PROTOTYPES = YES;
				CLANG_WARN_SUSPICIOUS_MOVE = YES;
				CLANG_WARN_UNGUARDED_AVAILABILITY = YES_AGGRESSIVE;
				CLANG_WARN_UNREACHABLE_CODE = YES;
				CLANG_WARN__DUPLICATE_METHOD_MATCH = YES;
				COPY_PHASE_STRIP = NO;
				DEBUG_INFORMATION_FORMAT = dwarf;
				ENABLE_STRICT_OBJC_MSGSEND = YES;
				ENABLE_TESTABILITY = YES;
				ENABLE_USER_SCRIPT_SANDBOXING = YES;
				GCC_C_LANGUAGE_STANDARD = gnu17;
				GCC_DYNAMIC_NO_PIC = NO;
				GCC_NO_COMMON_BLOCKS = YES;
				GCC_OPTIMIZATION_LEVEL = 0;
				GCC_PREPROCESSOR_DEFINITIONS = (
					"DEBUG=1",
					"$(inherited)",
				);
				GCC_WARN_64_TO_32_BIT_CONVERSION = YES;
				GCC_WARN_ABOUT_RETURN_TYPE = YES_ERROR;
				GCC_WARN_UNDECLARED_SELECTOR = YES;
				GCC_WARN_UNINITIALIZED_AUTOS = YES_AGGRESSIVE;
				GCC_WARN_UNUSED_FUNCTION = YES;
				GCC_WARN_UNUSED_VARIABLE = YES;
				LOCALIZATION_PREFERS_STRING_CATALOGS = YES;
				MACOSX_DEPLOYMENT_TARGET = 15.2;
				MTL_ENABLE_DEBUG_INFO = INCLUDE_SOURCE;
				MTL_FAST_MATH = YES;
				ONLY_ACTIVE_ARCH = YES;
				SDKROOT = macosx;
				SWIFT_ACTIVE_COMPILATION_CONDITIONS = "DEBUG $(inherited)";
				SWIFT_OPTIMIZATION_LEVEL = "-Onone";
			};
			name = Debug;
		};
		793BC37D2D54E04900512AAA /* Release */ = {
			isa = XCBuildConfiguration;
			buildSettings = {
				ALWAYS_SEARCH_USER_PATHS = NO;
				ASSETCATALOG_COMPILER_GENERATE_SWIFT_ASSET_SYMBOL_EXTENSIONS = YES;
				CLANG_ANALYZER_NONNULL = YES;
				CLANG_ANALYZER_NUMBER_OBJECT_CONVERSION = YES_AGGRESSIVE;
				CLANG_CXX_LANGUAGE_STANDARD = "gnu++20";
				CLANG_ENABLE_MODULES = YES;
				CLANG_ENABLE_OBJC_ARC = YES;
				CLANG_ENABLE_OBJC_WEAK = YES;
				CLANG_WARN_BLOCK_CAPTURE_AUTORELEASING = YES;
				CLANG_WARN_BOOL_CONVERSION = YES;
				CLANG_WARN_COMMA = YES;
				CLANG_WARN_CONSTANT_CONVERSION = YES;
				CLANG_WARN_DEPRECATED_OBJC_IMPLEMENTATIONS = YES;
				CLANG_WARN_DIRECT_OBJC_ISA_USAGE = YES_ERROR;
				CLANG_WARN_DOCUMENTATION_COMMENTS = YES;
				CLANG_WARN_EMPTY_BODY = YES;
				CLANG_WARN_ENUM_CONVERSION = YES;
				CLANG_WARN_INFINITE_RECURSION = YES;
				CLANG_WARN_INT_CONVERSION = YES;
				CLANG_WARN_NON_LITERAL_NULL_CONVERSION = YES;
				CLANG_WARN_OBJC_IMPLICIT_RETAIN_SELF = YES;
				CLANG_WARN_OBJC_LITERAL_CONVERSION = YES;
				CLANG_WARN_OBJC_ROOT_CLASS = YES_ERROR;
				CLANG_WARN_QUOTED_INCLUDE_IN_FRAMEWORK_HEADER = YES;
				CLANG_WARN_RANGE_LOOP_ANALYSIS = YES;
				CLANG_WARN_STRICT_PROTOTYPES = YES;
				CLANG_WARN_SUSPICIOUS_MOVE = YES;
				CLANG_WARN_UNGUARDED_AVAILABILITY = YES_AGGRESSIVE;
				CLANG_WARN_UNREACHABLE_CODE = YES;
				CLANG_WARN__DUPLICATE_METHOD_MATCH = YES;
				COPY_PHASE_STRIP = NO;
				DEBUG_INFORMATION_FORMAT = "dwarf-with-dsym";
				ENABLE_NS_ASSERTIONS = NO;
				ENABLE_STRICT_OBJC_MSGSEND = YES;
				ENABLE_USER_SCRIPT_SANDBOXING = YES;
				GCC_C_LANGUAGE_STANDARD = gnu17;
				GCC_NO_COMMON_BLOCKS = YES;
				GCC_WARN_64_TO_32_BIT_CONVERSION = YES;
				GCC_WARN_ABOUT_RETURN_TYPE = YES_ERROR;
				GCC_WARN_UNDECLARED_SELECTOR = YES;
				GCC_WARN_UNINITIALIZED_AUTOS = YES_AGGRESSIVE;
				GCC_WARN_UNUSED_FUNCTION = YES;
				GCC_WARN_UNUSED_VARIABLE = YES;
				LOCALIZATION_PREFERS_STRING_CATALOGS = YES;
				MACOSX_DEPLOYMENT_TARGET = 15.2;
				MTL_ENABLE_DEBUG_INFO = NO;
				MTL_FAST_MATH = YES;
				SDKROOT = macosx;
				SWIFT_COMPILATION_MODE = wholemodule;
			};
			name = Release;
		};
		793BC37F2D54E04900512AAA /* Debug */ = {
			isa = XCBuildConfiguration;
			buildSettings = {
				ASSETCATALOG_COMPILER_APPICON_NAME = AppIcon;
				ASSETCATALOG_COMPILER_GLOBAL_ACCENT_COLOR_NAME = AccentColor;
				CODE_SIGN_ENTITLEMENTS = SmartPrintFix/SmartPrintFix.entitlements;
				CODE_SIGN_STYLE = Automatic;
				COMBINE_HIDPI_IMAGES = YES;
				CURRENT_PROJECT_VERSION = 1;
				DEVELOPMENT_ASSET_PATHS = "\"SmartPrintFix/Preview Content\"";
				DEVELOPMENT_TEAM = 37KUSY2NJ4;
				ENABLE_HARDENED_RUNTIME = YES;
				ENABLE_PREVIEWS = YES;
				GENERATE_INFOPLIST_FILE = YES;
				INFOPLIST_FILE = Info.plist;
				INFOPLIST_KEY_LSApplicationCategoryType = "public.app-category.utilities";
				INFOPLIST_KEY_NSHumanReadableCopyright = "";
				LD_RUNPATH_SEARCH_PATHS = (
					"$(inherited)",
					"@executable_path/../Frameworks",
				);
				MARKETING_VERSION = 1.0;
				PRODUCT_BUNDLE_IDENTIFIER = app.macberry.SmartPrintFix;
				PRODUCT_NAME = "$(TARGET_NAME)";
				SWIFT_EMIT_LOC_STRINGS = YES;
				SWIFT_VERSION = 5.0;
			};
			name = Debug;
		};
		793BC3802D54E04900512AAA /* Release */ = {
			isa = XCBuildConfiguration;
			buildSettings = {
				ASSETCATALOG_COMPILER_APPICON_NAME = AppIcon;
				ASSETCATALOG_COMPILER_GLOBAL_ACCENT_COLOR_NAME = AccentColor;
				CODE_SIGN_ENTITLEMENTS = SmartPrintFix/SmartPrintFix.entitlements;
				CODE_SIGN_STYLE = Automatic;
				COMBINE_HIDPI_IMAGES = YES;
				CURRENT_PROJECT_VERSION = 1;
				DEVELOPMENT_ASSET_PATHS = "\"SmartPrintFix/Preview Content\"";
				DEVELOPMENT_TEAM = 37KUSY2NJ4;
				ENABLE_HARDENED_RUNTIME = YES;
				ENABLE_PREVIEWS = YES;
				GENERATE_INFOPLIST_FILE = YES;
				INFOPLIST_FILE = Info.plist;
				INFOPLIST_KEY_LSApplicationCategoryType = "public.app-category.utilities";
				INFOPLIST_KEY_NSHumanReadableCopyright = "";
				LD_RUNPATH_SEARCH_PATHS = (
					"$(inherited)",
					"@executable_path/../Frameworks",
				);
				MARKETING_VERSION = 1.0;
				PRODUCT_BUNDLE_IDENTIFIER = app.macberry.SmartPrintFix;
				PRODUCT_NAME = "$(TARGET_NAME)";
				SWIFT_EMIT_LOC_STRINGS = YES;
				SWIFT_VERSION = 5.0;
			};
			name = Release;
		};
		793BC3822D54E04900512AAA /* Debug */ = {
			isa = XCBuildConfiguration;
			buildSettings = {
				BUNDLE_LOADER = "$(TEST_HOST)";
				CODE_SIGN_STYLE = Automatic;
				CURRENT_PROJECT_VERSION = 1;
				DEVELOPMENT_TEAM = 37KUSY2NJ4;
				GENERATE_INFOPLIST_FILE = YES;
				MACOSX_DEPLOYMENT_TARGET = 15.2;
				MARKETING_VERSION = 1.0;
				PRODUCT_BUNDLE_IDENTIFIER = app.macberry.SmartPrintFixTests;
				PRODUCT_NAME = "$(TARGET_NAME)";
				SWIFT_EMIT_LOC_STRINGS = NO;
				SWIFT_VERSION = 5.0;
				TEST_HOST = "$(BUILT_PRODUCTS_DIR)/SmartPrintFix.app/$(BUNDLE_EXECUTABLE_FOLDER_PATH)/SmartPrintFix";
			};
			name = Debug;
		};
		793BC3832D54E04900512AAA /* Release */ = {
			isa = XCBuildConfiguration;
			buildSettings = {
				BUNDLE_LOADER = "$(TEST_HOST)";
				CODE_SIGN_STYLE = Automatic;
				CURRENT_PROJECT_VERSION = 1;
				DEVELOPMENT_TEAM = 37KUSY2NJ4;
				GENERATE_INFOPLIST_FILE = YES;
				MACOSX_DEPLOYMENT_TARGET = 15.2;
				MARKETING_VERSION = 1.0;
				PRODUCT_BUNDLE_IDENTIFIER = app.macberry.SmartPrintFixTests;
				PRODUCT_NAME = "$(TARGET_NAME)";
				SWIFT_EMIT_LOC_STRINGS = NO;
				SWIFT_VERSION = 5.0;
				TEST_HOST = "$(BUILT_PRODUCTS_DIR)/SmartPrintFix.app/$(BUNDLE_EXECUTABLE_FOLDER_PATH)/SmartPrintFix";
			};
			name = Release;
		};
		793BC3852D54E04900512AAA /* Debug */ = {
			isa = XCBuildConfiguration;
			buildSettings = {
				CODE_SIGN_STYLE = Automatic;
				CURRENT_PROJECT_VERSION = 1;
				DEVELOPMENT_TEAM = 37KUSY2NJ4;
				GENERATE_INFOPLIST_FILE = YES;
				MARKETING_VERSION = 1.0;
				PRODUCT_BUNDLE_IDENTIFIER = app.macberry.SmartPrintFixUITests;
				PRODUCT_NAME = "$(TARGET_NAME)";
				SWIFT_EMIT_LOC_STRINGS = NO;
				SWIFT_VERSION = 5.0;
				TEST_TARGET_NAME = SmartPrintFix;
			};
			name = Debug;
		};
		793BC3862D54E04900512AAA /* Release */ = {
			isa = XCBuildConfiguration;
			buildSettings = {
				CODE_SIGN_STYLE = Automatic;
				CURRENT_PROJECT_VERSION = 1;
				DEVELOPMENT_TEAM = 37KUSY2NJ4;
				GENERATE_INFOPLIST_FILE = YES;
				MARKETING_VERSION = 1.0;
				PRODUCT_BUNDLE_IDENTIFIER = app.macberry.SmartPrintFixUITests;
				PRODUCT_NAME = "$(TARGET_NAME)";
				SWIFT_EMIT_LOC_STRINGS = NO;
				SWIFT_VERSION = 5.0;
				TEST_TARGET_NAME = SmartPrintFix;
			};
			name = Release;
		};
/* End XCBuildConfiguration section */

/* Begin XCConfigurationList section */
		793BC3542D54E04600512AAA /* Build configuration list for PBXProject "SmartPrintFix" */ = {
			isa = XCConfigurationList;
			buildConfigurations = (
				793BC37C2D54E04900512AAA /* Debug */,
				793BC37D2D54E04900512AAA /* Release */,
			);
			defaultConfigurationIsVisible = 0;
			defaultConfigurationName = Release;
		};
		793BC37E2D54E04900512AAA /* Build configuration list for PBXNativeTarget "SmartPrintFix" */ = {
			isa = XCConfigurationList;
			buildConfigurations = (
				793BC37F2D54E04900512AAA /* Debug */,
				793BC3802D54E04900512AAA /* Release */,
			);
			defaultConfigurationIsVisible = 0;
			defaultConfigurationName = Release;
		};
		793BC3812D54E04900512AAA /* Build configuration list for PBXNativeTarget "SmartPrintFixTests" */ = {
			isa = XCConfigurationList;
			buildConfigurations = (
				793BC3822D54E04900512AAA /* Debug */,
				793BC3832D54E04900512AAA /* Release */,
			);
			defaultConfigurationIsVisible = 0;
			defaultConfigurationName = Release;
		};
		793BC3842D54E04900512AAA /* Build configuration list for PBXNativeTarget "SmartPrintFixUITests" */ = {
			isa = XCConfigurationList;
			buildConfigurations = (
				793BC3852D54E04900512AAA /* Debug */,
				793BC3862D54E04900512AAA /* Release */,
			);
			defaultConfigurationIsVisible = 0;
			defaultConfigurationName = Release;
		};
/* End XCConfigurationList section */
	};
	rootObject = 793BC3512D54E04600512AAA /* Project object */;
}
